
Microsoft Visual Studio Solution File, Format Version 12.00
# Visual Studio 15
VisualStudioVersion = 15.0.28307.1062
MinimumVisualStudioVersion = 10.0.40219.1
Project("{FAE04EC0-301F-11D3-BF4B-00C04F79EFBC}") = "LaboratorinisAtsiskaitymas", "LaboratorinisAtsiskaitymas\LaboratorinisAtsiskaitymas.csproj", "{E03531BF-B97A-494C-8520-4F8EDB9CC62E}"
EndProject
Project("{2150E333-8FDC-42A3-9474-1A3956D46DE8}") = "Solution Items", "Solution Items", "{675CBF31-4778-4CEB-A371-6FD6A6D2179A}"
	ProjectSection(SolutionItems) = preProject
		studentai.txt = studentai.txt
	EndProjectSection
EndProject
Global
	GlobalSection(SolutionConfigurationPlatforms) = preSolution
		Debug|Any CPU = Debug|Any CPU
		Release|Any CPU = Release|Any CPU
	EndGlobalSection
	GlobalSection(ProjectConfigurationPlatforms) = postSolution
		{E03531BF-B97A-494C-8520-4F8EDB9CC62E}.Debug|Any CPU.ActiveCfg = Debug|Any CPU
		{E03531BF-B97A-494C-8520-4F8EDB9CC62E}.Debug|Any CPU.Build.0 = Debug|Any CPU
		{E03531BF-B97A-494C-8520-4F8EDB9CC62E}.Release|Any CPU.ActiveCfg = Release|Any CPU
		{E03531BF-B97A-494C-8520-4F8EDB9CC62E}.Release|Any CPU.Build.0 = Release|Any CPU
	EndGlobalSection
	GlobalSection(SolutionProperties) = preSolution
		HideSolutionNode = FALSE
	EndGlobalSection
	GlobalSection(ExtensibilityGlobals) = postSolution
		SolutionGuid = {6506B671-CBC3-498A-BA25-FD00E88B30B9}
	EndGlobalSection
EndGlobal
